
Microsoft Visual Studio Solution File, Format Version 12.00
# Visual Studio Version 17
VisualStudioVersion = 17.5.33516.290
MinimumVisualStudioVersion = 10.0.40219.1
Project("{2150E333-8FDC-42A3-9474-1A3956D46DE8}") = "src", "src", "{CAD9D7ED-44E5-4D5E-A63A-F6BC2A5CEA77}"
EndProject
Project("{2150E333-8FDC-42A3-9474-1A3956D46DE8}") = "Services", "Services", "{75BBD843-DC06-4E48-A7E3-C6B7A10401EA}"
EndProject
Project("{2150E333-8FDC-42A3-9474-1A3956D46DE8}") = "Catalog", "Catalog", "{1D85872A-094F-48C1-A875-38022F42FD89}"
EndProject
Project("{9A19103F-16F7-4668-BE54-9A1E7A4F7556}") = "Catalog.API", "src\Services\Catalog\Catalog.API\Catalog.API.csproj", "{48E277FE-4E5D-4436-8FC4-E27404749733}"
EndProject
Project("{2150E333-8FDC-42A3-9474-1A3956D46DE8}") = "Order", "Order", "{DBC30AF1-213A-4F9C-8A20-977C88E70212}"
EndProject
Project("{2150E333-8FDC-42A3-9474-1A3956D46DE8}") = "Basket", "Basket", "{863E706B-2056-4FF6-A380-CE046139CE9B}"
EndProject
Project("{2150E333-8FDC-42A3-9474-1A3956D46DE8}") = "Payment", "Payment", "{EE928BED-D57B-40A1-A968-BE9645B923B8}"
EndProject
Project("{2150E333-8FDC-42A3-9474-1A3956D46DE8}") = "MessageBus", "MessageBus", "{EBBFEDBF-C3D4-4B39-AB50-6D53C918D10B}"
EndProject
Project("{FAE04EC0-301F-11D3-BF4B-00C04F79EFBC}") = "shop.Messages", "shop.Messages\shop.Messages.csproj", "{ACCFFCCF-E6EA-4FE2-8976-160F4391EFC9}"
EndProject
Project("{FAE04EC0-301F-11D3-BF4B-00C04F79EFBC}") = "Basket.API", "src\Services\Basket\Basket.API\Basket.API.csproj", "{69CEE7AF-F3E7-43A2-B5A0-69802DB4BAC5}"
EndProject
Project("{FAE04EC0-301F-11D3-BF4B-00C04F79EFBC}") = "Order.API", "Order.API\Order.API.csproj", "{B54EE823-88D3-4A5F-936E-A654B23C537E}"
EndProject
Project("{2150E333-8FDC-42A3-9474-1A3956D46DE8}") = "Stock", "Stock", "{54A759E8-399C-4074-8F3C-512E56221610}"
EndProject
Project("{FAE04EC0-301F-11D3-BF4B-00C04F79EFBC}") = "Stock.API", "src\Services\Stock\Stock.API\Stock.API.csproj", "{8BF549D1-0B22-4DAC-9E9F-80A74F254125}"
EndProject
Project("{FAE04EC0-301F-11D3-BF4B-00C04F79EFBC}") = "Payment.API", "src\Services\Payment\Payment.API\Payment.API.csproj", "{7C57C32C-5A34-44CD-BF75-605DADC603B7}"
EndProject
Global
	GlobalSection(SolutionConfigurationPlatforms) = preSolution
		Debug|Any CPU = Debug|Any CPU
		Release|Any CPU = Release|Any CPU
	EndGlobalSection
	GlobalSection(ProjectConfigurationPlatforms) = postSolution
		{48E277FE-4E5D-4436-8FC4-E27404749733}.Debug|Any CPU.ActiveCfg = Debug|Any CPU
		{48E277FE-4E5D-4436-8FC4-E27404749733}.Debug|Any CPU.Build.0 = Debug|Any CPU
		{48E277FE-4E5D-4436-8FC4-E27404749733}.Release|Any CPU.ActiveCfg = Release|Any CPU
		{48E277FE-4E5D-4436-8FC4-E27404749733}.Release|Any CPU.Build.0 = Release|Any CPU
		{ACCFFCCF-E6EA-4FE2-8976-160F4391EFC9}.Debug|Any CPU.ActiveCfg = Debug|Any CPU
		{ACCFFCCF-E6EA-4FE2-8976-160F4391EFC9}.Debug|Any CPU.Build.0 = Debug|Any CPU
		{ACCFFCCF-E6EA-4FE2-8976-160F4391EFC9}.Release|Any CPU.ActiveCfg = Release|Any CPU
		{ACCFFCCF-E6EA-4FE2-8976-160F4391EFC9}.Release|Any CPU.Build.0 = Release|Any CPU
		{69CEE7AF-F3E7-43A2-B5A0-69802DB4BAC5}.Debug|Any CPU.ActiveCfg = Debug|Any CPU
		{69CEE7AF-F3E7-43A2-B5A0-69802DB4BAC5}.Debug|Any CPU.Build.0 = Debug|Any CPU
		{69CEE7AF-F3E7-43A2-B5A0-69802DB4BAC5}.Release|Any CPU.ActiveCfg = Release|Any CPU
		{69CEE7AF-F3E7-43A2-B5A0-69802DB4BAC5}.Release|Any CPU.Build.0 = Release|Any CPU
		{B54EE823-88D3-4A5F-936E-A654B23C537E}.Debug|Any CPU.ActiveCfg = Debug|Any CPU
		{B54EE823-88D3-4A5F-936E-A654B23C537E}.Debug|Any CPU.Build.0 = Debug|Any CPU
		{B54EE823-88D3-4A5F-936E-A654B23C537E}.Release|Any CPU.ActiveCfg = Release|Any CPU
		{B54EE823-88D3-4A5F-936E-A654B23C537E}.Release|Any CPU.Build.0 = Release|Any CPU
		{8BF549D1-0B22-4DAC-9E9F-80A74F254125}.Debug|Any CPU.ActiveCfg = Debug|Any CPU
		{8BF549D1-0B22-4DAC-9E9F-80A74F254125}.Debug|Any CPU.Build.0 = Debug|Any CPU
		{8BF549D1-0B22-4DAC-9E9F-80A74F254125}.Release|Any CPU.ActiveCfg = Release|Any CPU
		{8BF549D1-0B22-4DAC-9E9F-80A74F254125}.Release|Any CPU.Build.0 = Release|Any CPU
		{7C57C32C-5A34-44CD-BF75-605DADC603B7}.Debug|Any CPU.ActiveCfg = Debug|Any CPU
		{7C57C32C-5A34-44CD-BF75-605DADC603B7}.Debug|Any CPU.Build.0 = Debug|Any CPU
		{7C57C32C-5A34-44CD-BF75-605DADC603B7}.Release|Any CPU.ActiveCfg = Release|Any CPU
		{7C57C32C-5A34-44CD-BF75-605DADC603B7}.Release|Any CPU.Build.0 = Release|Any CPU
	EndGlobalSection
	GlobalSection(SolutionProperties) = preSolution
		HideSolutionNode = FALSE
	EndGlobalSection
	GlobalSection(NestedProjects) = preSolution
		{75BBD843-DC06-4E48-A7E3-C6B7A10401EA} = {CAD9D7ED-44E5-4D5E-A63A-F6BC2A5CEA77}
		{1D85872A-094F-48C1-A875-38022F42FD89} = {75BBD843-DC06-4E48-A7E3-C6B7A10401EA}
		{48E277FE-4E5D-4436-8FC4-E27404749733} = {1D85872A-094F-48C1-A875-38022F42FD89}
		{DBC30AF1-213A-4F9C-8A20-977C88E70212} = {75BBD843-DC06-4E48-A7E3-C6B7A10401EA}
		{863E706B-2056-4FF6-A380-CE046139CE9B} = {75BBD843-DC06-4E48-A7E3-C6B7A10401EA}
		{EE928BED-D57B-40A1-A968-BE9645B923B8} = {75BBD843-DC06-4E48-A7E3-C6B7A10401EA}
		{EBBFEDBF-C3D4-4B39-AB50-6D53C918D10B} = {CAD9D7ED-44E5-4D5E-A63A-F6BC2A5CEA77}
		{ACCFFCCF-E6EA-4FE2-8976-160F4391EFC9} = {EBBFEDBF-C3D4-4B39-AB50-6D53C918D10B}
		{69CEE7AF-F3E7-43A2-B5A0-69802DB4BAC5} = {863E706B-2056-4FF6-A380-CE046139CE9B}
		{B54EE823-88D3-4A5F-936E-A654B23C537E} = {DBC30AF1-213A-4F9C-8A20-977C88E70212}
		{54A759E8-399C-4074-8F3C-512E56221610} = {75BBD843-DC06-4E48-A7E3-C6B7A10401EA}
		{8BF549D1-0B22-4DAC-9E9F-80A74F254125} = {54A759E8-399C-4074-8F3C-512E56221610}
		{7C57C32C-5A34-44CD-BF75-605DADC603B7} = {EE928BED-D57B-40A1-A968-BE9645B923B8}
	EndGlobalSection
	GlobalSection(ExtensibilityGlobals) = postSolution
		SolutionGuid = {C89F6252-F4EA-4488-902C-6FDD8D1B91F0}
	EndGlobalSection
EndGlobal
