
Microsoft Visual Studio Solution File, Format Version 12.00
# Visual Studio Version 17
VisualStudioVersion = 17.5.33516.290
MinimumVisualStudioVersion = 10.0.40219.1
Project("{FAE04EC0-301F-11D3-BF4B-00C04F79EFBC}") = "SingleResponsibility", "SingleResponsibility\SingleResponsibility.csproj", "{5D706F30-694B-4622-ACEE-98B7154624C2}"
EndProject
Global
	GlobalSection(SolutionConfigurationPlatforms) = preSolution
		Debug|Any CPU = Debug|Any CPU
		Release|Any CPU = Release|Any CPU
	EndGlobalSection
	GlobalSection(ProjectConfigurationPlatforms) = postSolution
		{5D706F30-694B-4622-ACEE-98B7154624C2}.Debug|Any CPU.ActiveCfg = Debug|Any CPU
		{5D706F30-694B-4622-ACEE-98B7154624C2}.Debug|Any CPU.Build.0 = Debug|Any CPU
		{5D706F30-694B-4622-ACEE-98B7154624C2}.Release|Any CPU.ActiveCfg = Release|Any CPU
		{5D706F30-694B-4622-ACEE-98B7154624C2}.Release|Any CPU.Build.0 = Release|Any CPU
	EndGlobalSection
	GlobalSection(SolutionProperties) = preSolution
		HideSolutionNode = FALSE
	EndGlobalSection
	GlobalSection(ExtensibilityGlobals) = postSolution
		SolutionGuid = {47468547-7161-4DA4-BF39-5BFB61B61049}
	EndGlobalSection
EndGlobal
